
Microsoft Visual Studio Solution File, Format Version 12.00
# Visual Studio 14
VisualStudioVersion = 14.0.25420.1
MinimumVisualStudioVersion = 10.0.40219.1
Project("{2150E333-8FDC-42A3-9474-1A3956D46DE8}") = "ConsoleTools", "ConsoleTools", "{D5783557-7EFF-4CA6-A13C-D6A17BA6B8DE}"
EndProject
Project("{2150E333-8FDC-42A3-9474-1A3956D46DE8}") = "Utilities", "Utilities", "{F07D205C-DA64-4448-B3ED-735FC7EA4B21}"
EndProject
Project("{2150E333-8FDC-42A3-9474-1A3956D46DE8}") = "_Common", "_Common", "{F126B620-6E7E-42F0-8F64-346B41108838}"
EndProject
Project("{2150E333-8FDC-42A3-9474-1A3956D46DE8}") = "compatible_iterator", "compatible_iterator", "{FED2655E-FAD5-49BA-9D71-FEC2040583B8}"
	ProjectSection(SolutionItems) = preProject
		..\Utilities\src\_common\compatible_iterator\compatible_iterator.hpp = ..\Utilities\src\_common\compatible_iterator\compatible_iterator.hpp
	EndProjectSection
EndProject
Project("{2150E333-8FDC-42A3-9474-1A3956D46DE8}") = "gui", "gui", "{B3B938A1-1763-4CB6-A295-23AF4A3A136F}"
	ProjectSection(SolutionItems) = preProject
		..\Utilities\src\_common\gui\wxFileDialog.hpp = ..\Utilities\src\_common\gui\wxFileDialog.hpp
	EndProjectSection
EndProject
Project("{2150E333-8FDC-42A3-9474-1A3956D46DE8}") = "tacklelib", "tacklelib", "{B49346B5-FB38-448D-ACD2-3B441C3C83EE}"
	ProjectSection(SolutionItems) = preProject
		..\Utilities\src\_common\tacklelib\tackle\addressof.hpp = ..\Utilities\src\_common\tacklelib\tackle\addressof.hpp
	EndProjectSection
EndProject
Project("{2150E333-8FDC-42A3-9474-1A3956D46DE8}") = "Header Files", "Header Files", "{2909C0F5-E8D4-4975-A49C-2B246EE0DE17}"
	ProjectSection(SolutionItems) = preProject
		..\Utilities\src\_common\common.hpp = ..\Utilities\src\_common\common.hpp
		..\Utilities\src\_common\printf.hpp = ..\Utilities\src\_common\printf.hpp
	EndProjectSection
EndProject
Project("{2150E333-8FDC-42A3-9474-1A3956D46DE8}") = "gui", "gui", "{7E359278-6809-4DA7-B9F6-1F2510131C55}"
EndProject
Project("{8BC9CEB8-8B4A-11D0-8D11-00A0C91BC942}") = "wxFileDialog", "..\Utilities\Projects\gui\wxFileDialog.vcxproj", "{01A1ACEA-7261-43C6-B6B0-5C36A6674EE0}"
EndProject
Project("{2150E333-8FDC-42A3-9474-1A3956D46DE8}") = "WSHBazaar", "WSHBazaar", "{A63DADA8-B541-4CF2-A971-8DB5D0FCCBD6}"
EndProject
Project("{8BC9CEB8-8B4A-11D0-8D11-00A0C91BC942}") = "wshdynacall", "..\Utilities\Projects\wshdynacall.vcxproj", "{47A21598-2AFC-4E11-8AAE-5A9AEEB1E414}"
EndProject
Project("{8BC9CEB8-8B4A-11D0-8D11-00A0C91BC942}") = "callf", "..\Utilities\Projects\callf.vcxproj", "{B9C215D3-6B7B-4A49-ACD7-4F8DFA69F337}"
EndProject
Project("{8BC9CEB8-8B4A-11D0-8D11-00A0C91BC942}") = "chcp", "..\Utilities\Projects\chcp.vcxproj", "{21E5D97D-4E24-4879-9D43-ECFDEA3EBECE}"
EndProject
Project("{8BC9CEB8-8B4A-11D0-8D11-00A0C91BC942}") = "clearcache", "..\Utilities\Projects\clearcache.vcxproj", "{DE71ED8C-9F4E-47AC-8E1D-E0053E42F575}"
EndProject
Project("{8BC9CEB8-8B4A-11D0-8D11-00A0C91BC942}") = "envvarcmp", "..\Utilities\Projects\envvarcmp.vcxproj", "{62FC9063-64A6-47AD-90E8-7706570F6B58}"
EndProject
Project("{8BC9CEB8-8B4A-11D0-8D11-00A0C91BC942}") = "pipetimes", "..\Utilities\Projects\pipetimes.vcxproj", "{636E0F9A-7A52-4C2F-8031-8A35D5DC417F}"
EndProject
Project("{8BC9CEB8-8B4A-11D0-8D11-00A0C91BC942}") = "printargs", "..\Utilities\Projects\printargs.vcxproj", "{3BF4DB3A-DD04-4457-A474-D9A534D59B81}"
EndProject
Project("{8BC9CEB8-8B4A-11D0-8D11-00A0C91BC942}") = "printf", "..\Utilities\Projects\printf.vcxproj", "{C75114FC-8991-4739-8CF6-ADFBAA2BA818}"
EndProject
Project("{8BC9CEB8-8B4A-11D0-8D11-00A0C91BC942}") = "retakeowner", "..\Utilities\Projects\retakeowner.vcxproj", "{E17B910A-9CF1-4739-B4F0-D10034CA11FE}"
EndProject
Project("{8BC9CEB8-8B4A-11D0-8D11-00A0C91BC942}") = "thlibautocfg", "..\Utilities\Projects\thlibautocfg.vcxproj", "{6163FDF1-845E-4C24-8A88-B99DC955CA2D}"
EndProject
Global
	GlobalSection(SolutionConfigurationPlatforms) = preSolution
		Debug|Win32 = Debug|Win32
		Debug|x64 = Debug|x64
		Release|Win32 = Release|Win32
		Release|x64 = Release|x64
	EndGlobalSection
	GlobalSection(ProjectConfigurationPlatforms) = postSolution
		{01A1ACEA-7261-43C6-B6B0-5C36A6674EE0}.Debug|Win32.ActiveCfg = Debug|Win32
		{01A1ACEA-7261-43C6-B6B0-5C36A6674EE0}.Debug|Win32.Build.0 = Debug|Win32
		{01A1ACEA-7261-43C6-B6B0-5C36A6674EE0}.Debug|x64.ActiveCfg = Debug|x64
		{01A1ACEA-7261-43C6-B6B0-5C36A6674EE0}.Debug|x64.Build.0 = Debug|x64
		{01A1ACEA-7261-43C6-B6B0-5C36A6674EE0}.Release|Win32.ActiveCfg = Release|Win32
		{01A1ACEA-7261-43C6-B6B0-5C36A6674EE0}.Release|Win32.Build.0 = Release|Win32
		{01A1ACEA-7261-43C6-B6B0-5C36A6674EE0}.Release|x64.ActiveCfg = Release|x64
		{01A1ACEA-7261-43C6-B6B0-5C36A6674EE0}.Release|x64.Build.0 = Release|x64
		{6163FDF1-845E-4C24-8A88-B99DC955CA2D}.Debug|Win32.ActiveCfg = Debug|Win32
		{6163FDF1-845E-4C24-8A88-B99DC955CA2D}.Debug|Win32.Build.0 = Debug|Win32
		{6163FDF1-845E-4C24-8A88-B99DC955CA2D}.Debug|x64.ActiveCfg = Debug|x64
		{6163FDF1-845E-4C24-8A88-B99DC955CA2D}.Debug|x64.Build.0 = Debug|x64
		{6163FDF1-845E-4C24-8A88-B99DC955CA2D}.Release|Win32.ActiveCfg = Release|Win32
		{6163FDF1-845E-4C24-8A88-B99DC955CA2D}.Release|Win32.Build.0 = Release|Win32
		{6163FDF1-845E-4C24-8A88-B99DC955CA2D}.Release|x64.ActiveCfg = Release|x64
		{6163FDF1-845E-4C24-8A88-B99DC955CA2D}.Release|x64.Build.0 = Release|x64
		{636E0F9A-7A52-4C2F-8031-8A35D5DC417F}.Debug|Win32.ActiveCfg = Debug|Win32
		{636E0F9A-7A52-4C2F-8031-8A35D5DC417F}.Debug|Win32.Build.0 = Debug|Win32
		{636E0F9A-7A52-4C2F-8031-8A35D5DC417F}.Debug|x64.ActiveCfg = Debug|x64
		{636E0F9A-7A52-4C2F-8031-8A35D5DC417F}.Debug|x64.Build.0 = Debug|x64
		{636E0F9A-7A52-4C2F-8031-8A35D5DC417F}.Release|Win32.ActiveCfg = Release|Win32
		{636E0F9A-7A52-4C2F-8031-8A35D5DC417F}.Release|Win32.Build.0 = Release|Win32
		{636E0F9A-7A52-4C2F-8031-8A35D5DC417F}.Release|x64.ActiveCfg = Release|x64
		{636E0F9A-7A52-4C2F-8031-8A35D5DC417F}.Release|x64.Build.0 = Release|x64
		{62FC9063-64A6-47AD-90E8-7706570F6B58}.Debug|Win32.ActiveCfg = Debug|Win32
		{62FC9063-64A6-47AD-90E8-7706570F6B58}.Debug|Win32.Build.0 = Debug|Win32
		{62FC9063-64A6-47AD-90E8-7706570F6B58}.Debug|x64.ActiveCfg = Debug|x64
		{62FC9063-64A6-47AD-90E8-7706570F6B58}.Debug|x64.Build.0 = Debug|x64
		{62FC9063-64A6-47AD-90E8-7706570F6B58}.Release|Win32.ActiveCfg = Release|Win32
		{62FC9063-64A6-47AD-90E8-7706570F6B58}.Release|Win32.Build.0 = Release|Win32
		{62FC9063-64A6-47AD-90E8-7706570F6B58}.Release|x64.ActiveCfg = Release|x64
		{62FC9063-64A6-47AD-90E8-7706570F6B58}.Release|x64.Build.0 = Release|x64
		{C75114FC-8991-4739-8CF6-ADFBAA2BA818}.Debug|Win32.ActiveCfg = Debug|Win32
		{C75114FC-8991-4739-8CF6-ADFBAA2BA818}.Debug|Win32.Build.0 = Debug|Win32
		{C75114FC-8991-4739-8CF6-ADFBAA2BA818}.Debug|x64.ActiveCfg = Debug|x64
		{C75114FC-8991-4739-8CF6-ADFBAA2BA818}.Debug|x64.Build.0 = Debug|x64
		{C75114FC-8991-4739-8CF6-ADFBAA2BA818}.Release|Win32.ActiveCfg = Release|Win32
		{C75114FC-8991-4739-8CF6-ADFBAA2BA818}.Release|Win32.Build.0 = Release|Win32
		{C75114FC-8991-4739-8CF6-ADFBAA2BA818}.Release|x64.ActiveCfg = Release|x64
		{C75114FC-8991-4739-8CF6-ADFBAA2BA818}.Release|x64.Build.0 = Release|x64
		{3BF4DB3A-DD04-4457-A474-D9A534D59B81}.Debug|Win32.ActiveCfg = Debug|Win32
		{3BF4DB3A-DD04-4457-A474-D9A534D59B81}.Debug|Win32.Build.0 = Debug|Win32
		{3BF4DB3A-DD04-4457-A474-D9A534D59B81}.Debug|x64.ActiveCfg = Debug|x64
		{3BF4DB3A-DD04-4457-A474-D9A534D59B81}.Debug|x64.Build.0 = Debug|x64
		{3BF4DB3A-DD04-4457-A474-D9A534D59B81}.Release|Win32.ActiveCfg = Release|Win32
		{3BF4DB3A-DD04-4457-A474-D9A534D59B81}.Release|Win32.Build.0 = Release|Win32
		{3BF4DB3A-DD04-4457-A474-D9A534D59B81}.Release|x64.ActiveCfg = Release|x64
		{3BF4DB3A-DD04-4457-A474-D9A534D59B81}.Release|x64.Build.0 = Release|x64
		{B9C215D3-6B7B-4A49-ACD7-4F8DFA69F337}.Debug|Win32.ActiveCfg = Debug|Win32
		{B9C215D3-6B7B-4A49-ACD7-4F8DFA69F337}.Debug|Win32.Build.0 = Debug|Win32
		{B9C215D3-6B7B-4A49-ACD7-4F8DFA69F337}.Debug|x64.ActiveCfg = Debug|x64
		{B9C215D3-6B7B-4A49-ACD7-4F8DFA69F337}.Debug|x64.Build.0 = Debug|x64
		{B9C215D3-6B7B-4A49-ACD7-4F8DFA69F337}.Release|Win32.ActiveCfg = Release|Win32
		{B9C215D3-6B7B-4A49-ACD7-4F8DFA69F337}.Release|Win32.Build.0 = Release|Win32
		{B9C215D3-6B7B-4A49-ACD7-4F8DFA69F337}.Release|x64.ActiveCfg = Release|x64
		{B9C215D3-6B7B-4A49-ACD7-4F8DFA69F337}.Release|x64.Build.0 = Release|x64
		{21E5D97D-4E24-4879-9D43-ECFDEA3EBECE}.Debug|Win32.ActiveCfg = Debug|Win32
		{21E5D97D-4E24-4879-9D43-ECFDEA3EBECE}.Debug|Win32.Build.0 = Debug|Win32
		{21E5D97D-4E24-4879-9D43-ECFDEA3EBECE}.Debug|x64.ActiveCfg = Debug|x64
		{21E5D97D-4E24-4879-9D43-ECFDEA3EBECE}.Debug|x64.Build.0 = Debug|x64
		{21E5D97D-4E24-4879-9D43-ECFDEA3EBECE}.Release|Win32.ActiveCfg = Release|Win32
		{21E5D97D-4E24-4879-9D43-ECFDEA3EBECE}.Release|Win32.Build.0 = Release|Win32
		{21E5D97D-4E24-4879-9D43-ECFDEA3EBECE}.Release|x64.ActiveCfg = Release|x64
		{21E5D97D-4E24-4879-9D43-ECFDEA3EBECE}.Release|x64.Build.0 = Release|x64
		{DE71ED8C-9F4E-47AC-8E1D-E0053E42F575}.Debug|Win32.ActiveCfg = Debug|Win32
		{DE71ED8C-9F4E-47AC-8E1D-E0053E42F575}.Debug|Win32.Build.0 = Debug|Win32
		{DE71ED8C-9F4E-47AC-8E1D-E0053E42F575}.Debug|x64.ActiveCfg = Debug|x64
		{DE71ED8C-9F4E-47AC-8E1D-E0053E42F575}.Debug|x64.Build.0 = Debug|x64
		{DE71ED8C-9F4E-47AC-8E1D-E0053E42F575}.Release|Win32.ActiveCfg = Release|Win32
		{DE71ED8C-9F4E-47AC-8E1D-E0053E42F575}.Release|Win32.Build.0 = Release|Win32
		{DE71ED8C-9F4E-47AC-8E1D-E0053E42F575}.Release|x64.ActiveCfg = Release|x64
		{DE71ED8C-9F4E-47AC-8E1D-E0053E42F575}.Release|x64.Build.0 = Release|x64
		{E17B910A-9CF1-4739-B4F0-D10034CA11FE}.Debug|Win32.ActiveCfg = Debug|Win32
		{E17B910A-9CF1-4739-B4F0-D10034CA11FE}.Debug|Win32.Build.0 = Debug|Win32
		{E17B910A-9CF1-4739-B4F0-D10034CA11FE}.Debug|x64.ActiveCfg = Debug|x64
		{E17B910A-9CF1-4739-B4F0-D10034CA11FE}.Debug|x64.Build.0 = Debug|x64
		{E17B910A-9CF1-4739-B4F0-D10034CA11FE}.Release|Win32.ActiveCfg = Release|Win32
		{E17B910A-9CF1-4739-B4F0-D10034CA11FE}.Release|Win32.Build.0 = Release|Win32
		{E17B910A-9CF1-4739-B4F0-D10034CA11FE}.Release|x64.ActiveCfg = Release|x64
		{E17B910A-9CF1-4739-B4F0-D10034CA11FE}.Release|x64.Build.0 = Release|x64
		{47A21598-2AFC-4E11-8AAE-5A9AEEB1E414}.Debug|Win32.ActiveCfg = Debug|Win32
		{47A21598-2AFC-4E11-8AAE-5A9AEEB1E414}.Debug|Win32.Build.0 = Debug|Win32
		{47A21598-2AFC-4E11-8AAE-5A9AEEB1E414}.Debug|x64.ActiveCfg = Debug|x64
		{47A21598-2AFC-4E11-8AAE-5A9AEEB1E414}.Debug|x64.Build.0 = Debug|x64
		{47A21598-2AFC-4E11-8AAE-5A9AEEB1E414}.Release|Win32.ActiveCfg = Release|Win32
		{47A21598-2AFC-4E11-8AAE-5A9AEEB1E414}.Release|Win32.Build.0 = Release|Win32
		{47A21598-2AFC-4E11-8AAE-5A9AEEB1E414}.Release|x64.ActiveCfg = Release|x64
		{47A21598-2AFC-4E11-8AAE-5A9AEEB1E414}.Release|x64.Build.0 = Release|x64
	EndGlobalSection
	GlobalSection(SolutionProperties) = preSolution
		HideSolutionNode = FALSE
	EndGlobalSection
	GlobalSection(NestedProjects) = preSolution
		{F07D205C-DA64-4448-B3ED-735FC7EA4B21} = {D5783557-7EFF-4CA6-A13C-D6A17BA6B8DE}
		{F126B620-6E7E-42F0-8F64-346B41108838} = {F07D205C-DA64-4448-B3ED-735FC7EA4B21}
		{7E359278-6809-4DA7-B9F6-1F2510131C55} = {F07D205C-DA64-4448-B3ED-735FC7EA4B21}
		{2909C0F5-E8D4-4975-A49C-2B246EE0DE17} = {F126B620-6E7E-42F0-8F64-346B41108838}
		{01A1ACEA-7261-43C6-B6B0-5C36A6674EE0} = {7E359278-6809-4DA7-B9F6-1F2510131C55}
		{6163FDF1-845E-4C24-8A88-B99DC955CA2D} = {F07D205C-DA64-4448-B3ED-735FC7EA4B21}
		{636E0F9A-7A52-4C2F-8031-8A35D5DC417F} = {F07D205C-DA64-4448-B3ED-735FC7EA4B21}
		{62FC9063-64A6-47AD-90E8-7706570F6B58} = {F07D205C-DA64-4448-B3ED-735FC7EA4B21}
		{C75114FC-8991-4739-8CF6-ADFBAA2BA818} = {F07D205C-DA64-4448-B3ED-735FC7EA4B21}
		{21E5D97D-4E24-4879-9D43-ECFDEA3EBECE} = {F07D205C-DA64-4448-B3ED-735FC7EA4B21}
		{3BF4DB3A-DD04-4457-A474-D9A534D59B81} = {F07D205C-DA64-4448-B3ED-735FC7EA4B21}
		{B9C215D3-6B7B-4A49-ACD7-4F8DFA69F337} = {F07D205C-DA64-4448-B3ED-735FC7EA4B21}
		{DE71ED8C-9F4E-47AC-8E1D-E0053E42F575} = {F07D205C-DA64-4448-B3ED-735FC7EA4B21}
		{E17B910A-9CF1-4739-B4F0-D10034CA11FE} = {F07D205C-DA64-4448-B3ED-735FC7EA4B21}
		{B3B938A1-1763-4CB6-A295-23AF4A3A136F} = {2909C0F5-E8D4-4975-A49C-2B246EE0DE17}
		{B49346B5-FB38-448D-ACD2-3B441C3C83EE} = {2909C0F5-E8D4-4975-A49C-2B246EE0DE17}
		{FED2655E-FAD5-49BA-9D71-FEC2040583B8} = {2909C0F5-E8D4-4975-A49C-2B246EE0DE17}
		{A63DADA8-B541-4CF2-A971-8DB5D0FCCBD6} = {F07D205C-DA64-4448-B3ED-735FC7EA4B21}
		{47A21598-2AFC-4E11-8AAE-5A9AEEB1E414} = {A63DADA8-B541-4CF2-A971-8DB5D0FCCBD6}
	EndGlobalSection
	GlobalSection(DPCodeReviewSolutionGUID) = preSolution
		DPCodeReviewSolutionGUID = {00000000-0000-0000-0000-000000000000}
	EndGlobalSection
EndGlobal
